// !$*UTF8*$!
{
	archiveVersion = 1;
	classes = {
	};
	objectVersion = 50;
	objects = {

/* Begin PBXBuildFile section */
		6D217FA52653538700029EC9 /* tcp_nb.cpp in Sources */ = {isa = PBXBuildFile; fileRef = 6D217FA42653538700029EC9 /* tcp_nb.cpp */; };
		6D2DDB3A2630DB130097A4D5 /* tool.cpp in Sources */ = {isa = PBXBuildFile; fileRef = 6D2DDB372630DB130097A4D5 /* tool.cpp */; };
		6D2DDB3B2630DB130097A4D5 /* udp_example.cpp in Sources */ = {isa = PBXBuildFile; fileRef = 6D2DDB382630DB130097A4D5 /* udp_example.cpp */; };
		6D5CCDFB2652618800A6DC95 /* tcp_nonblock.c in Sources */ = {isa = PBXBuildFile; fileRef = 6D5CCDFA2652618800A6DC95 /* tcp_nonblock.c */; };
		6D6973842632B608000359E6 /* tool_2.c in Sources */ = {isa = PBXBuildFile; fileRef = 6D6973812632B608000359E6 /* tool_2.c */; };
		6D6973852632B608000359E6 /* udp_example_2.c in Sources */ = {isa = PBXBuildFile; fileRef = 6D6973822632B608000359E6 /* udp_example_2.c */; };
		6D72F0C6263053A4007DC83F /* main.cpp in Sources */ = {isa = PBXBuildFile; fileRef = 6D72F0C5263053A4007DC83F /* main.cpp */; };
		6D8DF9C52646D8F2000A3951 /* tcp_example_2.c in Sources */ = {isa = PBXBuildFile; fileRef = 6D8DF9C42646D8F2000A3951 /* tcp_example_2.c */; };
		6D9B18442643C76100045DE2 /* tcp_example.cpp in Sources */ = {isa = PBXBuildFile; fileRef = 6D9B18432643C76100045DE2 /* tcp_example.cpp */; };
/* End PBXBuildFile section */

/* Begin PBXCopyFilesBuildPhase section */
		6D72F0C0263053A4007DC83F /* CopyFiles */ = {
			isa = PBXCopyFilesBuildPhase;
			buildActionMask = 2147483647;
			dstPath = /usr/share/man/man1/;
			dstSubfolderSpec = 0;
			files = (
			);
			runOnlyForDeploymentPostprocessing = 1;
		};
/* End PBXCopyFilesBuildPhase section */

/* Begin PBXFileReference section */
		6D217FA32653538700029EC9 /* tcp_nb.h */ = {isa = PBXFileReference; fileEncoding = 4; lastKnownFileType = sourcecode.c.h; name = tcp_nb.h; path = ../tcp_nb.h; sourceTree = "<group>"; };
		6D217FA42653538700029EC9 /* tcp_nb.cpp */ = {isa = PBXFileReference; fileEncoding = 4; lastKnownFileType = sourcecode.cpp.cpp; name = tcp_nb.cpp; path = ../tcp_nb.cpp; sourceTree = "<group>"; };
		6D2DDB362630DB130097A4D5 /* udp_example.h */ = {isa = PBXFileReference; fileEncoding = 4; lastKnownFileType = sourcecode.c.h; name = udp_example.h; path = ../udp_example.h; sourceTree = "<group>"; };
		6D2DDB372630DB130097A4D5 /* tool.cpp */ = {isa = PBXFileReference; fileEncoding = 4; lastKnownFileType = sourcecode.cpp.cpp; name = tool.cpp; path = ../tool.cpp; sourceTree = "<group>"; };
		6D2DDB382630DB130097A4D5 /* udp_example.cpp */ = {isa = PBXFileReference; fileEncoding = 4; lastKnownFileType = sourcecode.cpp.cpp; name = udp_example.cpp; path = ../udp_example.cpp; sourceTree = "<group>"; };
		6D2DDB392630DB130097A4D5 /* tool.h */ = {isa = PBXFileReference; fileEncoding = 4; lastKnownFileType = sourcecode.c.h; name = tool.h; path = ../tool.h; sourceTree = "<group>"; };
		6D5CCDF92652618800A6DC95 /* tcp_nonblock.h */ = {isa = PBXFileReference; fileEncoding = 4; lastKnownFileType = sourcecode.c.h; name = tcp_nonblock.h; path = ../tcp_nonblock.h; sourceTree = "<group>"; };
		6D5CCDFA2652618800A6DC95 /* tcp_nonblock.c */ = {isa = PBXFileReference; fileEncoding = 4; lastKnownFileType = sourcecode.c.c; name = tcp_nonblock.c; path = ../tcp_nonblock.c; sourceTree = "<group>"; };
		6D6973802632B608000359E6 /* tool_2.h */ = {isa = PBXFileReference; fileEncoding = 4; lastKnownFileType = sourcecode.c.h; name = tool_2.h; path = ../tool_2.h; sourceTree = "<group>"; };
		6D6973812632B608000359E6 /* tool_2.c */ = {isa = PBXFileReference; fileEncoding = 4; lastKnownFileType = sourcecode.c.c; name = tool_2.c; path = ../tool_2.c; sourceTree = "<group>"; };
		6D6973822632B608000359E6 /* udp_example_2.c */ = {isa = PBXFileReference; fileEncoding = 4; lastKnownFileType = sourcecode.c.c; name = udp_example_2.c; path = ../udp_example_2.c; sourceTree = "<group>"; };
		6D6973832632B608000359E6 /* udp_example_2.h */ = {isa = PBXFileReference; fileEncoding = 4; lastKnownFileType = sourcecode.c.h; name = udp_example_2.h; path = ../udp_example_2.h; sourceTree = "<group>"; };
		6D72F0C2263053A4007DC83F /* xcode */ = {isa = PBXFileReference; explicitFileType = "compiled.mach-o.executable"; includeInIndex = 0; path = xcode; sourceTree = BUILT_PRODUCTS_DIR; };
		6D72F0C5263053A4007DC83F /* main.cpp */ = {isa = PBXFileReference; lastKnownFileType = sourcecode.cpp.cpp; path = main.cpp; sourceTree = "<group>"; };
		6D8DF9C32646D8F2000A3951 /* tcp_example_2.h */ = {isa = PBXFileReference; fileEncoding = 4; lastKnownFileType = sourcecode.c.h; name = tcp_example_2.h; path = ../tcp_example_2.h; sourceTree = "<group>"; };
		6D8DF9C42646D8F2000A3951 /* tcp_example_2.c */ = {isa = PBXFileReference; fileEncoding = 4; lastKnownFileType = sourcecode.c.c; name = tcp_example_2.c; path = ../tcp_example_2.c; sourceTree = "<group>"; };
		6D9B18422643C76100045DE2 /* tcp_example.h */ = {isa = PBXFileReference; fileEncoding = 4; lastKnownFileType = sourcecode.c.h; name = tcp_example.h; path = ../tcp_example.h; sourceTree = "<group>"; };
		6D9B18432643C76100045DE2 /* tcp_example.cpp */ = {isa = PBXFileReference; fileEncoding = 4; lastKnownFileType = sourcecode.cpp.cpp; name = tcp_example.cpp; path = ../tcp_example.cpp; sourceTree = "<group>"; };
/* End PBXFileReference section */

/* Begin PBXFrameworksBuildPhase section */
		6D72F0BF263053A4007DC83F /* Frameworks */ = {
			isa = PBXFrameworksBuildPhase;
			buildActionMask = 2147483647;
			files = (
			);
			runOnlyForDeploymentPostprocessing = 0;
		};
/* End PBXFrameworksBuildPhase section */

/* Begin PBXGroup section */
		6D2DDB352630DB020097A4D5 /* src */ = {
			isa = PBXGroup;
			children = (
				6D9B18432643C76100045DE2 /* tcp_example.cpp */,
				6D5CCDFA2652618800A6DC95 /* tcp_nonblock.c */,
				6D5CCDF92652618800A6DC95 /* tcp_nonblock.h */,
				6D9B18422643C76100045DE2 /* tcp_example.h */,
				6D6973812632B608000359E6 /* tool_2.c */,
				6D8DF9C42646D8F2000A3951 /* tcp_example_2.c */,
				6D8DF9C32646D8F2000A3951 /* tcp_example_2.h */,
				6D6973802632B608000359E6 /* tool_2.h */,
				6D6973822632B608000359E6 /* udp_example_2.c */,
				6D6973832632B608000359E6 /* udp_example_2.h */,
				6D2DDB372630DB130097A4D5 /* tool.cpp */,
				6D2DDB392630DB130097A4D5 /* tool.h */,
				6D2DDB382630DB130097A4D5 /* udp_example.cpp */,
				6D2DDB362630DB130097A4D5 /* udp_example.h */,
				6D217FA42653538700029EC9 /* tcp_nb.cpp */,
				6D217FA32653538700029EC9 /* tcp_nb.h */,
			);
			name = src;
			sourceTree = "<group>";
		};
		6D72F0B9263053A4007DC83F = {
			isa = PBXGroup;
			children = (
				6D2DDB352630DB020097A4D5 /* src */,
				6D72F0C4263053A4007DC83F /* xcode */,
				6D72F0C3263053A4007DC83F /* Products */,
			);
			sourceTree = "<group>";
		};
		6D72F0C3263053A4007DC83F /* Products */ = {
			isa = PBXGroup;
			children = (
				6D72F0C2263053A4007DC83F /* xcode */,
			);
			name = Products;
			sourceTree = "<group>";
		};
		6D72F0C4263053A4007DC83F /* xcode */ = {
			isa = PBXGroup;
			children = (
				6D72F0C5263053A4007DC83F /* main.cpp */,
			);
			path = xcode;
			sourceTree = "<group>";
		};
/* End PBXGroup section */

/* Begin PBXNativeTarget section */
		6D72F0C1263053A4007DC83F /* xcode */ = {
			isa = PBXNativeTarget;
			buildConfigurationList = 6D72F0C9263053A4007DC83F /* Build configuration list for PBXNativeTarget "xcode" */;
			buildPhases = (
				6D72F0BE263053A4007DC83F /* Sources */,
				6D72F0BF263053A4007DC83F /* Frameworks */,
				6D72F0C0263053A4007DC83F /* CopyFiles */,
			);
			buildRules = (
			);
			dependencies = (
			);
			name = xcode;
			productName = xcode;
			productReference = 6D72F0C2263053A4007DC83F /* xcode */;
			productType = "com.apple.product-type.tool";
		};
/* End PBXNativeTarget section */

/* Begin PBXProject section */
		6D72F0BA263053A4007DC83F /* Project object */ = {
			isa = PBXProject;
			attributes = {
				LastUpgradeCheck = 1240;
				TargetAttributes = {
					6D72F0C1263053A4007DC83F = {
						CreatedOnToolsVersion = 12.4;
					};
				};
			};
			buildConfigurationList = 6D72F0BD263053A4007DC83F /* Build configuration list for PBXProject "xcode" */;
			compatibilityVersion = "Xcode 9.3";
			developmentRegion = en;
			hasScannedForEncodings = 0;
			knownRegions = (
				en,
				Base,
			);
			mainGroup = 6D72F0B9263053A4007DC83F;
			productRefGroup = 6D72F0C3263053A4007DC83F /* Products */;
			projectDirPath = "";
			projectRoot = "";
			targets = (
				6D72F0C1263053A4007DC83F /* xcode */,
			);
		};
/* End PBXProject section */

/* Begin PBXSourcesBuildPhase section */
		6D72F0BE263053A4007DC83F /* Sources */ = {
			isa = PBXSourcesBuildPhase;
			buildActionMask = 2147483647;
			files = (
				6D9B18442643C76100045DE2 /* tcp_example.cpp in Sources */,
				6D6973842632B608000359E6 /* tool_2.c in Sources */,
				6D6973852632B608000359E6 /* udp_example_2.c in Sources */,
				6D5CCDFB2652618800A6DC95 /* tcp_nonblock.c in Sources */,
				6D72F0C6263053A4007DC83F /* main.cpp in Sources */,
				6D8DF9C52646D8F2000A3951 /* tcp_example_2.c in Sources */,
				6D2DDB3B2630DB130097A4D5 /* udp_example.cpp in Sources */,
				6D2DDB3A2630DB130097A4D5 /* tool.cpp in Sources */,
				6D217FA52653538700029EC9 /* tcp_nb.cpp in Sources */,
			);
			runOnlyForDeploymentPostprocessing = 0;
		};
/* End PBXSourcesBuildPhase section */

/* Begin XCBuildConfiguration section */
		6D72F0C7263053A4007DC83F /* Debug */ = {
			isa = XCBuildConfiguration;
			buildSettings = {
				ALWAYS_SEARCH_USER_PATHS = NO;
				CLANG_ANALYZER_NONNULL = YES;
				CLANG_ANALYZER_NUMBER_OBJECT_CONVERSION = YES_AGGRESSIVE;
				CLANG_CXX_LANGUAGE_STANDARD = "c++0x";
				CLANG_CXX_LIBRARY = "libc++";
				CLANG_ENABLE_MODULES = YES;
				CLANG_ENABLE_OBJC_ARC = YES;
				CLANG_ENABLE_OBJC_WEAK = YES;
				CLANG_WARN_BLOCK_CAPTURE_AUTORELEASING = YES;
				CLANG_WARN_BOOL_CONVERSION = YES;
				CLANG_WARN_COMMA = YES;
				CLANG_WARN_CONSTANT_CONVERSION = YES;
				CLANG_WARN_DEPRECATED_OBJC_IMPLEMENTATIONS = YES;
				CLANG_WARN_DIRECT_OBJC_ISA_USAGE = YES_ERROR;
				CLANG_WARN_DOCUMENTATION_COMMENTS = YES;
				CLANG_WARN_EMPTY_BODY = YES;
				CLANG_WARN_ENUM_CONVERSION = YES;
				CLANG_WARN_INFINITE_RECURSION = YES;
				CLANG_WARN_INT_CONVERSION = YES;
				CLANG_WARN_NON_LITERAL_NULL_CONVERSION = YES;
				CLANG_WARN_OBJC_IMPLICIT_RETAIN_SELF = YES;
				CLANG_WARN_OBJC_LITERAL_CONVERSION = YES;
				CLANG_WARN_OBJC_ROOT_CLASS = YES_ERROR;
				CLANG_WARN_QUOTED_INCLUDE_IN_FRAMEWORK_HEADER = YES;
				CLANG_WARN_RANGE_LOOP_ANALYSIS = YES;
				CLANG_WARN_STRICT_PROTOTYPES = YES;
				CLANG_WARN_SUSPICIOUS_MOVE = YES;
				CLANG_WARN_UNGUARDED_AVAILABILITY = YES_AGGRESSIVE;
				CLANG_WARN_UNREACHABLE_CODE = YES;
				CLANG_WARN__DUPLICATE_METHOD_MATCH = YES;
				COPY_PHASE_STRIP = NO;
				DEBUG_INFORMATION_FORMAT = dwarf;
				ENABLE_STRICT_OBJC_MSGSEND = YES;
				ENABLE_TESTABILITY = YES;
				GCC_C_LANGUAGE_STANDARD = c11;
				GCC_DYNAMIC_NO_PIC = NO;
				GCC_NO_COMMON_BLOCKS = YES;
				GCC_OPTIMIZATION_LEVEL = 0;
				GCC_PREPROCESSOR_DEFINITIONS = (
					"DEBUG=1",
					"$(inherited)",
					MACOS,
				);
				GCC_WARN_64_TO_32_BIT_CONVERSION = YES;
				GCC_WARN_ABOUT_RETURN_TYPE = YES_ERROR;
				GCC_WARN_UNDECLARED_SELECTOR = YES;
				GCC_WARN_UNINITIALIZED_AUTOS = YES_AGGRESSIVE;
				GCC_WARN_UNUSED_FUNCTION = YES;
				GCC_WARN_UNUSED_VARIABLE = YES;
				MACOSX_DEPLOYMENT_TARGET = 10.15;
				MTL_ENABLE_DEBUG_INFO = INCLUDE_SOURCE;
				MTL_FAST_MATH = YES;
				ONLY_ACTIVE_ARCH = YES;
				SDKROOT = macosx;
			};
			name = Debug;
		};
		6D72F0C8263053A4007DC83F /* Release */ = {
			isa = XCBuildConfiguration;
			buildSettings = {
				ALWAYS_SEARCH_USER_PATHS = NO;
				CLANG_ANALYZER_NONNULL = YES;
				CLANG_ANALYZER_NUMBER_OBJECT_CONVERSION = YES_AGGRESSIVE;
				CLANG_CXX_LANGUAGE_STANDARD = "c++0x";
				CLANG_CXX_LIBRARY = "libc++";
				CLANG_ENABLE_MODULES = YES;
				CLANG_ENABLE_OBJC_ARC = YES;
				CLANG_ENABLE_OBJC_WEAK = YES;
				CLANG_WARN_BLOCK_CAPTURE_AUTORELEASING = YES;
				CLANG_WARN_BOOL_CONVERSION = YES;
				CLANG_WARN_COMMA = YES;
				CLANG_WARN_CONSTANT_CONVERSION = YES;
				CLANG_WARN_DEPRECATED_OBJC_IMPLEMENTATIONS = YES;
				CLANG_WARN_DIRECT_OBJC_ISA_USAGE = YES_ERROR;
				CLANG_WARN_DOCUMENTATION_COMMENTS = YES;
				CLANG_WARN_EMPTY_BODY = YES;
				CLANG_WARN_ENUM_CONVERSION = YES;
				CLANG_WARN_INFINITE_RECURSION = YES;
				CLANG_WARN_INT_CONVERSION = YES;
				CLANG_WARN_NON_LITERAL_NULL_CONVERSION = YES;
				CLANG_WARN_OBJC_IMPLICIT_RETAIN_SELF = YES;
				CLANG_WARN_OBJC_LITERAL_CONVERSION = YES;
				CLANG_WARN_OBJC_ROOT_CLASS = YES_ERROR;
				CLANG_WARN_QUOTED_INCLUDE_IN_FRAMEWORK_HEADER = YES;
				CLANG_WARN_RANGE_LOOP_ANALYSIS = YES;
				CLANG_WARN_STRICT_PROTOTYPES = YES;
				CLANG_WARN_SUSPICIOUS_MOVE = YES;
				CLANG_WARN_UNGUARDED_AVAILABILITY = YES_AGGRESSIVE;
				CLANG_WARN_UNREACHABLE_CODE = YES;
				CLANG_WARN__DUPLICATE_METHOD_MATCH = YES;
				COPY_PHASE_STRIP = NO;
				DEBUG_INFORMATION_FORMAT = "dwarf-with-dsym";
				ENABLE_NS_ASSERTIONS = NO;
				ENABLE_STRICT_OBJC_MSGSEND = YES;
				GCC_C_LANGUAGE_STANDARD = c11;
				GCC_NO_COMMON_BLOCKS = YES;
				GCC_PREPROCESSOR_DEFINITIONS = MACOS;
				GCC_WARN_64_TO_32_BIT_CONVERSION = YES;
				GCC_WARN_ABOUT_RETURN_TYPE = YES_ERROR;
				GCC_WARN_UNDECLARED_SELECTOR = YES;
				GCC_WARN_UNINITIALIZED_AUTOS = YES_AGGRESSIVE;
				GCC_WARN_UNUSED_FUNCTION = YES;
				GCC_WARN_UNUSED_VARIABLE = YES;
				MACOSX_DEPLOYMENT_TARGET = 10.15;
				MTL_ENABLE_DEBUG_INFO = NO;
				MTL_FAST_MATH = YES;
				SDKROOT = macosx;
			};
			name = Release;
		};
		6D72F0CA263053A4007DC83F /* Debug */ = {
			isa = XCBuildConfiguration;
			buildSettings = {
				CODE_SIGN_STYLE = Automatic;
				PRODUCT_NAME = "$(TARGET_NAME)";
			};
			name = Debug;
		};
		6D72F0CB263053A4007DC83F /* Release */ = {
			isa = XCBuildConfiguration;
			buildSettings = {
				CODE_SIGN_STYLE = Automatic;
				PRODUCT_NAME = "$(TARGET_NAME)";
			};
			name = Release;
		};
/* End XCBuildConfiguration section */

/* Begin XCConfigurationList section */
		6D72F0BD263053A4007DC83F /* Build configuration list for PBXProject "xcode" */ = {
			isa = XCConfigurationList;
			buildConfigurations = (
				6D72F0C7263053A4007DC83F /* Debug */,
				6D72F0C8263053A4007DC83F /* Release */,
			);
			defaultConfigurationIsVisible = 0;
			defaultConfigurationName = Release;
		};
		6D72F0C9263053A4007DC83F /* Build configuration list for PBXNativeTarget "xcode" */ = {
			isa = XCConfigurationList;
			buildConfigurations = (
				6D72F0CA263053A4007DC83F /* Debug */,
				6D72F0CB263053A4007DC83F /* Release */,
			);
			defaultConfigurationIsVisible = 0;
			defaultConfigurationName = Release;
		};
/* End XCConfigurationList section */
	};
	rootObject = 6D72F0BA263053A4007DC83F /* Project object */;
}
