// !$*UTF8*$!
{
	archiveVersion = 1;
	classes = {
	};
	objectVersion = 46;
	objects = {

/* Begin PBXBuildFile section */
		6D0F51351CF46C5A00B7E393 /* main.cpp in Sources */ = {isa = PBXBuildFile; fileRef = 6D0F51341CF46C5A00B7E393 /* main.cpp */; };
		6DD6D0671CF46D2B00F7244C /* c11_sample.cpp in Sources */ = {isa = PBXBuildFile; fileRef = 6DD6D0651CF46D2B00F7244C /* c11_sample.cpp */; };
/* End PBXBuildFile section */

/* Begin PBXCopyFilesBuildPhase section */
		6D0F512F1CF46C5A00B7E393 /* CopyFiles */ = {
			isa = PBXCopyFilesBuildPhase;
			buildActionMask = 2147483647;
			dstPath = /usr/share/man/man1/;
			dstSubfolderSpec = 0;
			files = (
			);
			runOnlyForDeploymentPostprocessing = 1;
		};
/* End PBXCopyFilesBuildPhase section */

/* Begin PBXFileReference section */
		6D0F51311CF46C5A00B7E393 /* c11_test */ = {isa = PBXFileReference; explicitFileType = "compiled.mach-o.executable"; includeInIndex = 0; path = c11_test; sourceTree = BUILT_PRODUCTS_DIR; };
		6D0F51341CF46C5A00B7E393 /* main.cpp */ = {isa = PBXFileReference; lastKnownFileType = sourcecode.cpp.cpp; path = main.cpp; sourceTree = "<group>"; };
		6DD6D0651CF46D2B00F7244C /* c11_sample.cpp */ = {isa = PBXFileReference; fileEncoding = 4; lastKnownFileType = sourcecode.cpp.cpp; path = c11_sample.cpp; sourceTree = SOURCE_ROOT; };
		6DD6D0661CF46D2B00F7244C /* c11_sample.h */ = {isa = PBXFileReference; fileEncoding = 4; lastKnownFileType = sourcecode.c.h; path = c11_sample.h; sourceTree = SOURCE_ROOT; };
/* End PBXFileReference section */

/* Begin PBXFrameworksBuildPhase section */
		6D0F512E1CF46C5A00B7E393 /* Frameworks */ = {
			isa = PBXFrameworksBuildPhase;
			buildActionMask = 2147483647;
			files = (
			);
			runOnlyForDeploymentPostprocessing = 0;
		};
/* End PBXFrameworksBuildPhase section */

/* Begin PBXGroup section */
		6D0F51281CF46C5A00B7E393 = {
			isa = PBXGroup;
			children = (
				6D0F51331CF46C5A00B7E393 /* c11_test */,
				6D0F51321CF46C5A00B7E393 /* Products */,
			);
			sourceTree = "<group>";
		};
		6D0F51321CF46C5A00B7E393 /* Products */ = {
			isa = PBXGroup;
			children = (
				6D0F51311CF46C5A00B7E393 /* c11_test */,
			);
			name = Products;
			sourceTree = "<group>";
		};
		6D0F51331CF46C5A00B7E393 /* c11_test */ = {
			isa = PBXGroup;
			children = (
				6D0F51341CF46C5A00B7E393 /* main.cpp */,
				6DD6D0651CF46D2B00F7244C /* c11_sample.cpp */,
				6DD6D0661CF46D2B00F7244C /* c11_sample.h */,
			);
			path = c11_test;
			sourceTree = "<group>";
		};
/* End PBXGroup section */

/* Begin PBXNativeTarget section */
		6D0F51301CF46C5A00B7E393 /* c11_test */ = {
			isa = PBXNativeTarget;
			buildConfigurationList = 6D0F51381CF46C5A00B7E393 /* Build configuration list for PBXNativeTarget "c11_test" */;
			buildPhases = (
				6D0F512D1CF46C5A00B7E393 /* Sources */,
				6D0F512E1CF46C5A00B7E393 /* Frameworks */,
				6D0F512F1CF46C5A00B7E393 /* CopyFiles */,
			);
			buildRules = (
			);
			dependencies = (
			);
			name = c11_test;
			productName = c11_test;
			productReference = 6D0F51311CF46C5A00B7E393 /* c11_test */;
			productType = "com.apple.product-type.tool";
		};
/* End PBXNativeTarget section */

/* Begin PBXProject section */
		6D0F51291CF46C5A00B7E393 /* Project object */ = {
			isa = PBXProject;
			attributes = {
				LastUpgradeCheck = 0730;
				ORGANIZATIONNAME = hidog;
				TargetAttributes = {
					6D0F51301CF46C5A00B7E393 = {
						CreatedOnToolsVersion = 7.3.1;
					};
				};
			};
			buildConfigurationList = 6D0F512C1CF46C5A00B7E393 /* Build configuration list for PBXProject "c11_test" */;
			compatibilityVersion = "Xcode 3.2";
			developmentRegion = English;
			hasScannedForEncodings = 0;
			knownRegions = (
				en,
			);
			mainGroup = 6D0F51281CF46C5A00B7E393;
			productRefGroup = 6D0F51321CF46C5A00B7E393 /* Products */;
			projectDirPath = "";
			projectRoot = "";
			targets = (
				6D0F51301CF46C5A00B7E393 /* c11_test */,
			);
		};
/* End PBXProject section */

/* Begin PBXSourcesBuildPhase section */
		6D0F512D1CF46C5A00B7E393 /* Sources */ = {
			isa = PBXSourcesBuildPhase;
			buildActionMask = 2147483647;
			files = (
				6D0F51351CF46C5A00B7E393 /* main.cpp in Sources */,
				6DD6D0671CF46D2B00F7244C /* c11_sample.cpp in Sources */,
			);
			runOnlyForDeploymentPostprocessing = 0;
		};
/* End PBXSourcesBuildPhase section */

/* Begin XCBuildConfiguration section */
		6D0F51361CF46C5A00B7E393 /* Debug */ = {
			isa = XCBuildConfiguration;
			buildSettings = {
				ALWAYS_SEARCH_USER_PATHS = NO;
				CLANG_ANALYZER_NONNULL = YES;
				CLANG_CXX_LANGUAGE_STANDARD = "c++0x";
				CLANG_CXX_LIBRARY = "libc++";
				CLANG_ENABLE_MODULES = YES;
				CLANG_ENABLE_OBJC_ARC = YES;
				CLANG_WARN_BOOL_CONVERSION = YES;
				CLANG_WARN_CONSTANT_CONVERSION = YES;
				CLANG_WARN_DIRECT_OBJC_ISA_USAGE = YES_ERROR;
				CLANG_WARN_EMPTY_BODY = YES;
				CLANG_WARN_ENUM_CONVERSION = YES;
				CLANG_WARN_INT_CONVERSION = YES;
				CLANG_WARN_OBJC_ROOT_CLASS = YES_ERROR;
				CLANG_WARN_UNREACHABLE_CODE = YES;
				CLANG_WARN__DUPLICATE_METHOD_MATCH = YES;
				CODE_SIGN_IDENTITY = "-";
				COPY_PHASE_STRIP = NO;
				DEBUG_INFORMATION_FORMAT = dwarf;
				ENABLE_STRICT_OBJC_MSGSEND = YES;
				ENABLE_TESTABILITY = YES;
				GCC_C_LANGUAGE_STANDARD = c11;
				GCC_DYNAMIC_NO_PIC = NO;
				GCC_NO_COMMON_BLOCKS = YES;
				GCC_OPTIMIZATION_LEVEL = 0;
				GCC_PREPROCESSOR_DEFINITIONS = (
					"DEBUG=1",
					"$(inherited)",
				);
				GCC_WARN_64_TO_32_BIT_CONVERSION = YES;
				GCC_WARN_ABOUT_RETURN_TYPE = YES_ERROR;
				GCC_WARN_UNDECLARED_SELECTOR = YES;
				GCC_WARN_UNINITIALIZED_AUTOS = YES_AGGRESSIVE;
				GCC_WARN_UNUSED_FUNCTION = YES;
				GCC_WARN_UNUSED_VARIABLE = YES;
				MACOSX_DEPLOYMENT_TARGET = 10.11;
				MTL_ENABLE_DEBUG_INFO = YES;
				ONLY_ACTIVE_ARCH = YES;
				SDKROOT = macosx;
			};
			name = Debug;
		};
		6D0F51371CF46C5A00B7E393 /* Release */ = {
			isa = XCBuildConfiguration;
			buildSettings = {
				ALWAYS_SEARCH_USER_PATHS = NO;
				CLANG_ANALYZER_NONNULL = YES;
				CLANG_CXX_LANGUAGE_STANDARD = "c++0x";
				CLANG_CXX_LIBRARY = "libc++";
				CLANG_ENABLE_MODULES = YES;
				CLANG_ENABLE_OBJC_ARC = YES;
				CLANG_WARN_BOOL_CONVERSION = YES;
				CLANG_WARN_CONSTANT_CONVERSION = YES;
				CLANG_WARN_DIRECT_OBJC_ISA_USAGE = YES_ERROR;
				CLANG_WARN_EMPTY_BODY = YES;
				CLANG_WARN_ENUM_CONVERSION = YES;
				CLANG_WARN_INT_CONVERSION = YES;
				CLANG_WARN_OBJC_ROOT_CLASS = YES_ERROR;
				CLANG_WARN_UNREACHABLE_CODE = YES;
				CLANG_WARN__DUPLICATE_METHOD_MATCH = YES;
				CODE_SIGN_IDENTITY = "-";
				COPY_PHASE_STRIP = NO;
				DEBUG_INFORMATION_FORMAT = "dwarf-with-dsym";
				ENABLE_NS_ASSERTIONS = NO;
				ENABLE_STRICT_OBJC_MSGSEND = YES;
				GCC_C_LANGUAGE_STANDARD = c11;
				GCC_NO_COMMON_BLOCKS = YES;
				GCC_WARN_64_TO_32_BIT_CONVERSION = YES;
				GCC_WARN_ABOUT_RETURN_TYPE = YES_ERROR;
				GCC_WARN_UNDECLARED_SELECTOR = YES;
				GCC_WARN_UNINITIALIZED_AUTOS = YES_AGGRESSIVE;
				GCC_WARN_UNUSED_FUNCTION = YES;
				GCC_WARN_UNUSED_VARIABLE = YES;
				MACOSX_DEPLOYMENT_TARGET = 10.11;
				MTL_ENABLE_DEBUG_INFO = NO;
				SDKROOT = macosx;
			};
			name = Release;
		};
		6D0F51391CF46C5A00B7E393 /* Debug */ = {
			isa = XCBuildConfiguration;
			buildSettings = {
				CLANG_CXX_LANGUAGE_STANDARD = "c++0x";
				CLANG_CXX_LIBRARY = "libc++";
				PRODUCT_NAME = "$(TARGET_NAME)";
			};
			name = Debug;
		};
		6D0F513A1CF46C5A00B7E393 /* Release */ = {
			isa = XCBuildConfiguration;
			buildSettings = {
				CLANG_CXX_LANGUAGE_STANDARD = "c++0x";
				CLANG_CXX_LIBRARY = "libc++";
				PRODUCT_NAME = "$(TARGET_NAME)";
			};
			name = Release;
		};
/* End XCBuildConfiguration section */

/* Begin XCConfigurationList section */
		6D0F512C1CF46C5A00B7E393 /* Build configuration list for PBXProject "c11_test" */ = {
			isa = XCConfigurationList;
			buildConfigurations = (
				6D0F51361CF46C5A00B7E393 /* Debug */,
				6D0F51371CF46C5A00B7E393 /* Release */,
			);
			defaultConfigurationIsVisible = 0;
			defaultConfigurationName = Release;
		};
		6D0F51381CF46C5A00B7E393 /* Build configuration list for PBXNativeTarget "c11_test" */ = {
			isa = XCConfigurationList;
			buildConfigurations = (
				6D0F51391CF46C5A00B7E393 /* Debug */,
				6D0F513A1CF46C5A00B7E393 /* Release */,
			);
			defaultConfigurationIsVisible = 0;
			defaultConfigurationName = Release;
		};
/* End XCConfigurationList section */
	};
	rootObject = 6D0F51291CF46C5A00B7E393 /* Project object */;
}
