
Microsoft Visual Studio Solution File, Format Version 12.00
# Visual Studio Version 16
VisualStudioVersion = 16.0.31911.196
MinimumVisualStudioVersion = 10.0.40219.1
Project("{8BC9CEB8-8B4A-11D0-8D11-00A0C91BC942}") = "vs2019", "vs2019.vcxproj", "{C9E32150-8A3D-4B3A-B4C3-6249B0CD67D6}"
EndProject
Global
	GlobalSection(SolutionConfigurationPlatforms) = preSolution
		Debug|x64 = Debug|x64
		Debug|x86 = Debug|x86
		Release|x64 = Release|x64
		Release|x86 = Release|x86
	EndGlobalSection
	GlobalSection(ProjectConfigurationPlatforms) = postSolution
		{C9E32150-8A3D-4B3A-B4C3-6249B0CD67D6}.Debug|x64.ActiveCfg = Debug|x64
		{C9E32150-8A3D-4B3A-B4C3-6249B0CD67D6}.Debug|x64.Build.0 = Debug|x64
		{C9E32150-8A3D-4B3A-B4C3-6249B0CD67D6}.Debug|x86.ActiveCfg = Debug|Win32
		{C9E32150-8A3D-4B3A-B4C3-6249B0CD67D6}.Debug|x86.Build.0 = Debug|Win32
		{C9E32150-8A3D-4B3A-B4C3-6249B0CD67D6}.Release|x64.ActiveCfg = Release|x64
		{C9E32150-8A3D-4B3A-B4C3-6249B0CD67D6}.Release|x64.Build.0 = Release|x64
		{C9E32150-8A3D-4B3A-B4C3-6249B0CD67D6}.Release|x86.ActiveCfg = Release|Win32
		{C9E32150-8A3D-4B3A-B4C3-6249B0CD67D6}.Release|x86.Build.0 = Release|Win32
	EndGlobalSection
	GlobalSection(SolutionProperties) = preSolution
		HideSolutionNode = FALSE
	EndGlobalSection
	GlobalSection(ExtensibilityGlobals) = postSolution
		SolutionGuid = {6DCAB3A7-57E6-4318-81C2-5C14D9EB0A48}
	EndGlobalSection
EndGlobal
