
Microsoft Visual Studio Solution File, Format Version 12.00
# Visual Studio Version 16
VisualStudioVersion = 16.0.31105.61
MinimumVisualStudioVersion = 10.0.40219.1
Project("{8BC9CEB8-8B4A-11D0-8D11-00A0C91BC942}") = "vs2019", "vs2019\vs2019.vcxproj", "{23B3F577-F5FF-4C15-9DBE-053CCE4A4DEF}"
EndProject
Global
	GlobalSection(SolutionConfigurationPlatforms) = preSolution
		Debug|x64 = Debug|x64
		Debug|x86 = Debug|x86
		Release|x64 = Release|x64
		Release|x86 = Release|x86
	EndGlobalSection
	GlobalSection(ProjectConfigurationPlatforms) = postSolution
		{23B3F577-F5FF-4C15-9DBE-053CCE4A4DEF}.Debug|x64.ActiveCfg = Debug|x64
		{23B3F577-F5FF-4C15-9DBE-053CCE4A4DEF}.Debug|x64.Build.0 = Debug|x64
		{23B3F577-F5FF-4C15-9DBE-053CCE4A4DEF}.Debug|x86.ActiveCfg = Debug|Win32
		{23B3F577-F5FF-4C15-9DBE-053CCE4A4DEF}.Debug|x86.Build.0 = Debug|Win32
		{23B3F577-F5FF-4C15-9DBE-053CCE4A4DEF}.Release|x64.ActiveCfg = Release|x64
		{23B3F577-F5FF-4C15-9DBE-053CCE4A4DEF}.Release|x64.Build.0 = Release|x64
		{23B3F577-F5FF-4C15-9DBE-053CCE4A4DEF}.Release|x86.ActiveCfg = Release|Win32
		{23B3F577-F5FF-4C15-9DBE-053CCE4A4DEF}.Release|x86.Build.0 = Release|Win32
	EndGlobalSection
	GlobalSection(SolutionProperties) = preSolution
		HideSolutionNode = FALSE
	EndGlobalSection
	GlobalSection(ExtensibilityGlobals) = postSolution
		SolutionGuid = {BC0B4EB1-6825-45EE-A6E0-A5075C3EDE63}
	EndGlobalSection
EndGlobal
