<?xml version="1.0" encoding="utf-8"?>
<Project ToolsVersion="4.0" xmlns="http://schemas.microsoft.com/developer/msbuild/2003">
  <ItemGroup>
    <Filter Include="Source Files">
      <UniqueIdentifier>{4FC737F1-C7A5-4376-A066-2A32D752A2FF}</UniqueIdentifier>
      <Extensions>cpp;c;cc;cxx;c++;cppm;ixx;def;odl;idl;hpj;bat;asm;asmx</Extensions>
    </Filter>
    <Filter Include="Header Files">
      <UniqueIdentifier>{93995380-89BD-4b04-88EB-625FBE52EBFB}</UniqueIdentifier>
      <Extensions>h;hh;hpp;hxx;h++;hm;inl;inc;ipp;xsd</Extensions>
    </Filter>
    <Filter Include="Resource Files">
      <UniqueIdentifier>{67DA6AB6-F800-4c08-8B7A-83BB121AAD01}</UniqueIdentifier>
      <Extensions>rc;ico;cur;bmp;dlg;rc2;rct;bin;rgs;gif;jpg;jpeg;jpe;resx;tiff;tif;png;wav;mfcribbon-ms</Extensions>
    </Filter>
    <Filter Include="src">
      <UniqueIdentifier>{0765ef77-8c38-4aa7-9da8-8731e27f9f48}</UniqueIdentifier>
    </Filter>
    <Filter Include="src\move">
      <UniqueIdentifier>{9579debe-469b-486e-a5ed-85fd2f84cc02}</UniqueIdentifier>
    </Filter>
  </ItemGroup>
  <ItemGroup>
    <ClCompile Include="vs2019.cpp">
      <Filter>Source Files</Filter>
    </ClCompile>
    <ClCompile Include="..\..\src\c11_LR_value.cpp">
      <Filter>src</Filter>
    </ClCompile>
    <ClCompile Include="..\..\src\c11_sample.cpp">
      <Filter>src</Filter>
    </ClCompile>
    <ClCompile Include="..\..\src\enum_class.cpp">
      <Filter>src</Filter>
    </ClCompile>
    <ClCompile Include="..\..\src\rule_three.cpp">
      <Filter>src</Filter>
    </ClCompile>
    <ClCompile Include="..\..\src\c11_initial.cpp">
      <Filter>src</Filter>
    </ClCompile>
    <ClCompile Include="..\..\src\move\c11_move.cpp">
      <Filter>src\move</Filter>
    </ClCompile>
  </ItemGroup>
  <ItemGroup>
    <ClInclude Include="..\..\src\c11_initial.h">
      <Filter>src</Filter>
    </ClInclude>
    <ClInclude Include="..\..\src\c11_LR_value.h">
      <Filter>src</Filter>
    </ClInclude>
    <ClInclude Include="..\..\src\c11_sample.h">
      <Filter>src</Filter>
    </ClInclude>
    <ClInclude Include="..\..\src\enum_class.h">
      <Filter>src</Filter>
    </ClInclude>
    <ClInclude Include="..\..\src\rule_three.h">
      <Filter>src</Filter>
    </ClInclude>
    <ClInclude Include="..\..\src\move\c11_move.h">
      <Filter>src\move</Filter>
    </ClInclude>
  </ItemGroup>
  <ItemGroup>
    <Text Include="..\..\src\note.txt">
      <Filter>src</Filter>
    </Text>
  </ItemGroup>
</Project>